
Microsoft Visual Studio Solution File, Format Version 12.00
# Visual Studio Version 16
VisualStudioVersion = 16.0.29324.140
MinimumVisualStudioVersion = 10.0.40219.1
Project("{F184B08F-C81C-45F6-A57F-5ABD9991F28F}") = "Framework", "..\Framework\Framework\Framework.vbproj", "{8A2B93B9-4651-40F3-BBF9-D8FD0474A719}"
EndProject
Project("{F184B08F-C81C-45F6-A57F-5ABD9991F28F}") = "Clock Application", "..\ClockApp\Clock Application\Clock Application.vbproj", "{65B70768-C54A-46B5-8141-6D0DD6B90AE5}"
EndProject
Project("{F184B08F-C81C-45F6-A57F-5ABD9991F28F}") = "Inventory Control", "..\InventoryControl\Inventory Control\Inventory Control.vbproj", "{E1E79F79-1808-42A7-979E-E5DA3E85A4D2}"
EndProject
Project("{FAE04EC0-301F-11D3-BF4B-00C04F79EFBC}") = "ListingToolkit", "..\ListingToolkit\ListingToolkit\ListingToolkit.csproj", "{DCD1B0B8-E50F-49F4-9F29-64E1137E5111}"
EndProject
Project("{F184B08F-C81C-45F6-A57F-5ABD9991F28F}") = "LocationPrinter", "..\LocationPrinter\LocationPrinter\LocationPrinter.vbproj", "{BD1FCA3F-6663-40B5-B8DE-FAF84B4F4C1C}"
EndProject
Project("{F184B08F-C81C-45F6-A57F-5ABD9991F28F}") = "LogonAUPCheck", "..\LogonAUPCheck\LogonAUPCheck\LogonAUPCheck.vbproj", "{2C69BBED-54C6-49E7-8CE4-85D82512A578}"
EndProject
Project("{F184B08F-C81C-45F6-A57F-5ABD9991F28F}") = "OrderDownloader", "..\OrderDownloader\OrderDownloader\OrderDownloader.vbproj", "{81BAA3CA-17E9-4CE9-AACB-CA414ABCD7CB}"
EndProject
Project("{F184B08F-C81C-45F6-A57F-5ABD9991F28F}") = "Order Server", "..\OrderServer\Order Server\Order Server.vbproj", "{4D0BAED6-8619-471C-A9EB-20E1356DB2E7}"
EndProject
Project("{F184B08F-C81C-45F6-A57F-5ABD9991F28F}") = "OrderStateEditor", "..\OrderStateEditor\OrderStateEditor\OrderStateEditor.vbproj", "{E3BF0CF0-2D65-475F-AE5B-FF73E2839654}"
EndProject
Project("{F184B08F-C81C-45F6-A57F-5ABD9991F28F}") = "PrePack", "..\Prepack\Prepack\PrePack.vbproj", "{709D7236-4A58-4C5C-995F-D08284F55337}"
EndProject
Project("{F184B08F-C81C-45F6-A57F-5ABD9991F28F}") = "PrePackSupervisor", "..\PrepackSupervisor\PrePackSupervisor\PrePackSupervisor.vbproj", "{6E496EBE-6196-4E85-A5D8-1F2F48E2E5FA}"
EndProject
Project("{F184B08F-C81C-45F6-A57F-5ABD9991F28F}") = "ProcessedViewer", "..\ProcessedViewer\ProcessedViewer\ProcessedViewer.vbproj", "{4A7B4A37-CE35-4FE9-BB69-0B97CF766B74}"
EndProject
Project("{F184B08F-C81C-45F6-A57F-5ABD9991F28F}") = "RelistGenerator", "..\RelistGenerator\RelistGenerator\RelistGenerator.vbproj", "{EED8D424-28CE-420B-836D-16AB36F1AD88}"
EndProject
Project("{F184B08F-C81C-45F6-A57F-5ABD9991F28F}") = "Reorder", "..\Reorder\Reorder\Reorder.vbproj", "{F7A7C5FF-8109-49C8-B4C5-CBAB1D89FFC1}"
EndProject
Project("{F184B08F-C81C-45F6-A57F-5ABD9991F28F}") = "SalesDataCompiler", "..\Sales Data Compiler\Sales Data Compiler\SalesDataCompiler.vbproj", "{1A2E84B6-21AA-484B-B752-06C0B6313135}"
EndProject
Project("{F184B08F-C81C-45F6-A57F-5ABD9991F28F}") = "SKUGenerator", "..\SkuGenerator\SKU Generator\SKUGenerator.vbproj", "{BC03F305-46DD-4D38-80DE-944A75D9737A}"
EndProject
Project("{F184B08F-C81C-45F6-A57F-5ABD9991F28F}") = "SubSupervisorScreen", "..\SubSupervisor\SubSupervisorScreen\SubSupervisorScreen.vbproj", "{350EF507-F6BD-4036-96FE-059230406C04}"
EndProject
Project("{F184B08F-C81C-45F6-A57F-5ABD9991F28F}") = "SurfaceShell", "..\Surface-Shell\SurfaceShell\SurfaceShell.vbproj", "{0FC1F097-7C0D-4368-A413-0359F799CCF4}"
EndProject
Project("{F184B08F-C81C-45F6-A57F-5ABD9991F28F}") = "SurfacePicker", "..\SurfacePicker\SurfacePicker\SurfacePicker.vbproj", "{E03554B6-148F-4AE2-BACE-F5D246BBDF2E}"
EndProject
Project("{FAE04EC0-301F-11D3-BF4B-00C04F79EFBC}") = "System2Desktop", "..\System2Desktop\System2Desktop\System2Desktop.csproj", "{8D179966-A47E-43C3-8B96-04E4DC3F199C}"
EndProject
Project("{9A19103F-16F7-4668-BE54-9A1E7A4F7556}") = "System2Interaction", "..\System2Interaction\System2Interaction\System2Interaction.csproj", "{A18CEC95-5B5E-4D7A-86B4-4252612661AE}"
EndProject
Project("{F184B08F-C81C-45F6-A57F-5ABD9991F28F}") = "MultiVNCViewer", "..\VNC-Viewer\MultiVNCViewer\MultiVNCViewer.vbproj", "{1E2CA4D0-1EE9-479F-9F87-E11331618932}"
EndProject
Project("{F184B08F-C81C-45F6-A57F-5ABD9991F28F}") = "Warehouse Manager", "..\Warehouse-Manager\Warehouse Manager\Warehouse Manager.vbproj", "{A6873B91-767F-4761-A212-561B17682452}"
EndProject
Project("{FAE04EC0-301F-11D3-BF4B-00C04F79EFBC}") = "WebApi", "..\AndroidWarehouseJson\WebApi\WebApi.csproj", "{D3D5F294-2659-4DA7-AD8C-845B62D8DE5A}"
EndProject
Project("{9A19103F-16F7-4668-BE54-9A1E7A4F7556}") = "WhiteHingeFrameworkExt", "..\WhiteHingeFrameworkExt\WhiteHingeFrameworkExt\WhiteHingeFrameworkExt.csproj", "{88E06104-A927-4FC3-BBD7-F54E24DA0D63}"
EndProject
Project("{9A19103F-16F7-4668-BE54-9A1E7A4F7556}") = "OrderManager", "..\OrderManager\OrderManager\OrderManager.csproj", "{A9CB3BD4-7FD1-4F51-9414-1334E1D871D3}"
EndProject
Global
	GlobalSection(SolutionConfigurationPlatforms) = preSolution
		Debug|Any CPU = Debug|Any CPU
		Debug|x64 = Debug|x64
		Debug|x86 = Debug|x86
		Release|Any CPU = Release|Any CPU
		Release|x64 = Release|x64
		Release|x86 = Release|x86
		Test|Any CPU = Test|Any CPU
		Test|x64 = Test|x64
		Test|x86 = Test|x86
	EndGlobalSection
	GlobalSection(ProjectConfigurationPlatforms) = postSolution
		{8A2B93B9-4651-40F3-BBF9-D8FD0474A719}.Debug|Any CPU.ActiveCfg = Debug|Any CPU
		{8A2B93B9-4651-40F3-BBF9-D8FD0474A719}.Debug|Any CPU.Build.0 = Debug|Any CPU
		{8A2B93B9-4651-40F3-BBF9-D8FD0474A719}.Debug|x64.ActiveCfg = Debug|x64
		{8A2B93B9-4651-40F3-BBF9-D8FD0474A719}.Debug|x64.Build.0 = Debug|x64
		{8A2B93B9-4651-40F3-BBF9-D8FD0474A719}.Debug|x86.ActiveCfg = Debug|x86
		{8A2B93B9-4651-40F3-BBF9-D8FD0474A719}.Debug|x86.Build.0 = Debug|x86
		{8A2B93B9-4651-40F3-BBF9-D8FD0474A719}.Release|Any CPU.ActiveCfg = Release|Any CPU
		{8A2B93B9-4651-40F3-BBF9-D8FD0474A719}.Release|Any CPU.Build.0 = Release|Any CPU
		{8A2B93B9-4651-40F3-BBF9-D8FD0474A719}.Release|x64.ActiveCfg = Release|x64
		{8A2B93B9-4651-40F3-BBF9-D8FD0474A719}.Release|x64.Build.0 = Release|x64
		{8A2B93B9-4651-40F3-BBF9-D8FD0474A719}.Release|x86.ActiveCfg = Release|x86
		{8A2B93B9-4651-40F3-BBF9-D8FD0474A719}.Release|x86.Build.0 = Release|x86
		{8A2B93B9-4651-40F3-BBF9-D8FD0474A719}.Test|Any CPU.ActiveCfg = Release|Any CPU
		{8A2B93B9-4651-40F3-BBF9-D8FD0474A719}.Test|Any CPU.Build.0 = Release|Any CPU
		{8A2B93B9-4651-40F3-BBF9-D8FD0474A719}.Test|x64.ActiveCfg = Release|x64
		{8A2B93B9-4651-40F3-BBF9-D8FD0474A719}.Test|x64.Build.0 = Release|x64
		{8A2B93B9-4651-40F3-BBF9-D8FD0474A719}.Test|x86.ActiveCfg = Release|x86
		{8A2B93B9-4651-40F3-BBF9-D8FD0474A719}.Test|x86.Build.0 = Release|x86
		{65B70768-C54A-46B5-8141-6D0DD6B90AE5}.Debug|Any CPU.ActiveCfg = Debug|Any CPU
		{65B70768-C54A-46B5-8141-6D0DD6B90AE5}.Debug|Any CPU.Build.0 = Debug|Any CPU
		{65B70768-C54A-46B5-8141-6D0DD6B90AE5}.Debug|x64.ActiveCfg = Debug|Any CPU
		{65B70768-C54A-46B5-8141-6D0DD6B90AE5}.Debug|x64.Build.0 = Debug|Any CPU
		{65B70768-C54A-46B5-8141-6D0DD6B90AE5}.Debug|x86.ActiveCfg = Debug|Any CPU
		{65B70768-C54A-46B5-8141-6D0DD6B90AE5}.Debug|x86.Build.0 = Debug|Any CPU
		{65B70768-C54A-46B5-8141-6D0DD6B90AE5}.Release|Any CPU.ActiveCfg = Release|Any CPU
		{65B70768-C54A-46B5-8141-6D0DD6B90AE5}.Release|Any CPU.Build.0 = Release|Any CPU
		{65B70768-C54A-46B5-8141-6D0DD6B90AE5}.Release|x64.ActiveCfg = Release|Any CPU
		{65B70768-C54A-46B5-8141-6D0DD6B90AE5}.Release|x64.Build.0 = Release|Any CPU
		{65B70768-C54A-46B5-8141-6D0DD6B90AE5}.Release|x86.ActiveCfg = Release|Any CPU
		{65B70768-C54A-46B5-8141-6D0DD6B90AE5}.Release|x86.Build.0 = Release|Any CPU
		{65B70768-C54A-46B5-8141-6D0DD6B90AE5}.Test|Any CPU.ActiveCfg = Release|Any CPU
		{65B70768-C54A-46B5-8141-6D0DD6B90AE5}.Test|Any CPU.Build.0 = Release|Any CPU
		{65B70768-C54A-46B5-8141-6D0DD6B90AE5}.Test|x64.ActiveCfg = Release|Any CPU
		{65B70768-C54A-46B5-8141-6D0DD6B90AE5}.Test|x64.Build.0 = Release|Any CPU
		{65B70768-C54A-46B5-8141-6D0DD6B90AE5}.Test|x86.ActiveCfg = Release|Any CPU
		{65B70768-C54A-46B5-8141-6D0DD6B90AE5}.Test|x86.Build.0 = Release|Any CPU
		{E1E79F79-1808-42A7-979E-E5DA3E85A4D2}.Debug|Any CPU.ActiveCfg = Debug|Any CPU
		{E1E79F79-1808-42A7-979E-E5DA3E85A4D2}.Debug|Any CPU.Build.0 = Debug|Any CPU
		{E1E79F79-1808-42A7-979E-E5DA3E85A4D2}.Debug|x64.ActiveCfg = Debug|Any CPU
		{E1E79F79-1808-42A7-979E-E5DA3E85A4D2}.Debug|x64.Build.0 = Debug|Any CPU
		{E1E79F79-1808-42A7-979E-E5DA3E85A4D2}.Debug|x86.ActiveCfg = Debug|Any CPU
		{E1E79F79-1808-42A7-979E-E5DA3E85A4D2}.Debug|x86.Build.0 = Debug|Any CPU
		{E1E79F79-1808-42A7-979E-E5DA3E85A4D2}.Release|Any CPU.ActiveCfg = Release|Any CPU
		{E1E79F79-1808-42A7-979E-E5DA3E85A4D2}.Release|Any CPU.Build.0 = Release|Any CPU
		{E1E79F79-1808-42A7-979E-E5DA3E85A4D2}.Release|x64.ActiveCfg = Release|Any CPU
		{E1E79F79-1808-42A7-979E-E5DA3E85A4D2}.Release|x64.Build.0 = Release|Any CPU
		{E1E79F79-1808-42A7-979E-E5DA3E85A4D2}.Release|x86.ActiveCfg = Release|Any CPU
		{E1E79F79-1808-42A7-979E-E5DA3E85A4D2}.Release|x86.Build.0 = Release|Any CPU
		{E1E79F79-1808-42A7-979E-E5DA3E85A4D2}.Test|Any CPU.ActiveCfg = Release|Any CPU
		{E1E79F79-1808-42A7-979E-E5DA3E85A4D2}.Test|Any CPU.Build.0 = Release|Any CPU
		{E1E79F79-1808-42A7-979E-E5DA3E85A4D2}.Test|x64.ActiveCfg = Release|Any CPU
		{E1E79F79-1808-42A7-979E-E5DA3E85A4D2}.Test|x64.Build.0 = Release|Any CPU
		{E1E79F79-1808-42A7-979E-E5DA3E85A4D2}.Test|x86.ActiveCfg = Release|Any CPU
		{E1E79F79-1808-42A7-979E-E5DA3E85A4D2}.Test|x86.Build.0 = Release|Any CPU
		{DCD1B0B8-E50F-49F4-9F29-64E1137E5111}.Debug|Any CPU.ActiveCfg = Debug|Any CPU
		{DCD1B0B8-E50F-49F4-9F29-64E1137E5111}.Debug|Any CPU.Build.0 = Debug|Any CPU
		{DCD1B0B8-E50F-49F4-9F29-64E1137E5111}.Debug|x64.ActiveCfg = Debug|Any CPU
		{DCD1B0B8-E50F-49F4-9F29-64E1137E5111}.Debug|x64.Build.0 = Debug|Any CPU
		{DCD1B0B8-E50F-49F4-9F29-64E1137E5111}.Debug|x86.ActiveCfg = Debug|Any CPU
		{DCD1B0B8-E50F-49F4-9F29-64E1137E5111}.Debug|x86.Build.0 = Debug|Any CPU
		{DCD1B0B8-E50F-49F4-9F29-64E1137E5111}.Release|Any CPU.ActiveCfg = Release|Any CPU
		{DCD1B0B8-E50F-49F4-9F29-64E1137E5111}.Release|Any CPU.Build.0 = Release|Any CPU
		{DCD1B0B8-E50F-49F4-9F29-64E1137E5111}.Release|x64.ActiveCfg = Release|Any CPU
		{DCD1B0B8-E50F-49F4-9F29-64E1137E5111}.Release|x64.Build.0 = Release|Any CPU
		{DCD1B0B8-E50F-49F4-9F29-64E1137E5111}.Release|x86.ActiveCfg = Release|Any CPU
		{DCD1B0B8-E50F-49F4-9F29-64E1137E5111}.Release|x86.Build.0 = Release|Any CPU
		{DCD1B0B8-E50F-49F4-9F29-64E1137E5111}.Test|Any CPU.ActiveCfg = Release|Any CPU
		{DCD1B0B8-E50F-49F4-9F29-64E1137E5111}.Test|Any CPU.Build.0 = Release|Any CPU
		{DCD1B0B8-E50F-49F4-9F29-64E1137E5111}.Test|x64.ActiveCfg = Release|Any CPU
		{DCD1B0B8-E50F-49F4-9F29-64E1137E5111}.Test|x64.Build.0 = Release|Any CPU
		{DCD1B0B8-E50F-49F4-9F29-64E1137E5111}.Test|x86.ActiveCfg = Release|Any CPU
		{DCD1B0B8-E50F-49F4-9F29-64E1137E5111}.Test|x86.Build.0 = Release|Any CPU
		{BD1FCA3F-6663-40B5-B8DE-FAF84B4F4C1C}.Debug|Any CPU.ActiveCfg = Debug|Any CPU
		{BD1FCA3F-6663-40B5-B8DE-FAF84B4F4C1C}.Debug|Any CPU.Build.0 = Debug|Any CPU
		{BD1FCA3F-6663-40B5-B8DE-FAF84B4F4C1C}.Debug|x64.ActiveCfg = Debug|Any CPU
		{BD1FCA3F-6663-40B5-B8DE-FAF84B4F4C1C}.Debug|x64.Build.0 = Debug|Any CPU
		{BD1FCA3F-6663-40B5-B8DE-FAF84B4F4C1C}.Debug|x86.ActiveCfg = Debug|Any CPU
		{BD1FCA3F-6663-40B5-B8DE-FAF84B4F4C1C}.Debug|x86.Build.0 = Debug|Any CPU
		{BD1FCA3F-6663-40B5-B8DE-FAF84B4F4C1C}.Release|Any CPU.ActiveCfg = Release|Any CPU
		{BD1FCA3F-6663-40B5-B8DE-FAF84B4F4C1C}.Release|Any CPU.Build.0 = Release|Any CPU
		{BD1FCA3F-6663-40B5-B8DE-FAF84B4F4C1C}.Release|x64.ActiveCfg = Release|Any CPU
		{BD1FCA3F-6663-40B5-B8DE-FAF84B4F4C1C}.Release|x64.Build.0 = Release|Any CPU
		{BD1FCA3F-6663-40B5-B8DE-FAF84B4F4C1C}.Release|x86.ActiveCfg = Release|Any CPU
		{BD1FCA3F-6663-40B5-B8DE-FAF84B4F4C1C}.Release|x86.Build.0 = Release|Any CPU
		{BD1FCA3F-6663-40B5-B8DE-FAF84B4F4C1C}.Test|Any CPU.ActiveCfg = Release|Any CPU
		{BD1FCA3F-6663-40B5-B8DE-FAF84B4F4C1C}.Test|Any CPU.Build.0 = Release|Any CPU
		{BD1FCA3F-6663-40B5-B8DE-FAF84B4F4C1C}.Test|x64.ActiveCfg = Release|Any CPU
		{BD1FCA3F-6663-40B5-B8DE-FAF84B4F4C1C}.Test|x64.Build.0 = Release|Any CPU
		{BD1FCA3F-6663-40B5-B8DE-FAF84B4F4C1C}.Test|x86.ActiveCfg = Release|Any CPU
		{BD1FCA3F-6663-40B5-B8DE-FAF84B4F4C1C}.Test|x86.Build.0 = Release|Any CPU
		{2C69BBED-54C6-49E7-8CE4-85D82512A578}.Debug|Any CPU.ActiveCfg = Debug|Any CPU
		{2C69BBED-54C6-49E7-8CE4-85D82512A578}.Debug|Any CPU.Build.0 = Debug|Any CPU
		{2C69BBED-54C6-49E7-8CE4-85D82512A578}.Debug|x64.ActiveCfg = Debug|Any CPU
		{2C69BBED-54C6-49E7-8CE4-85D82512A578}.Debug|x64.Build.0 = Debug|Any CPU
		{2C69BBED-54C6-49E7-8CE4-85D82512A578}.Debug|x86.ActiveCfg = Debug|Any CPU
		{2C69BBED-54C6-49E7-8CE4-85D82512A578}.Debug|x86.Build.0 = Debug|Any CPU
		{2C69BBED-54C6-49E7-8CE4-85D82512A578}.Release|Any CPU.ActiveCfg = Release|Any CPU
		{2C69BBED-54C6-49E7-8CE4-85D82512A578}.Release|Any CPU.Build.0 = Release|Any CPU
		{2C69BBED-54C6-49E7-8CE4-85D82512A578}.Release|x64.ActiveCfg = Release|Any CPU
		{2C69BBED-54C6-49E7-8CE4-85D82512A578}.Release|x64.Build.0 = Release|Any CPU
		{2C69BBED-54C6-49E7-8CE4-85D82512A578}.Release|x86.ActiveCfg = Release|Any CPU
		{2C69BBED-54C6-49E7-8CE4-85D82512A578}.Release|x86.Build.0 = Release|Any CPU
		{2C69BBED-54C6-49E7-8CE4-85D82512A578}.Test|Any CPU.ActiveCfg = Release|Any CPU
		{2C69BBED-54C6-49E7-8CE4-85D82512A578}.Test|Any CPU.Build.0 = Release|Any CPU
		{2C69BBED-54C6-49E7-8CE4-85D82512A578}.Test|x64.ActiveCfg = Release|Any CPU
		{2C69BBED-54C6-49E7-8CE4-85D82512A578}.Test|x64.Build.0 = Release|Any CPU
		{2C69BBED-54C6-49E7-8CE4-85D82512A578}.Test|x86.ActiveCfg = Release|Any CPU
		{2C69BBED-54C6-49E7-8CE4-85D82512A578}.Test|x86.Build.0 = Release|Any CPU
		{81BAA3CA-17E9-4CE9-AACB-CA414ABCD7CB}.Debug|Any CPU.ActiveCfg = Debug|Any CPU
		{81BAA3CA-17E9-4CE9-AACB-CA414ABCD7CB}.Debug|Any CPU.Build.0 = Debug|Any CPU
		{81BAA3CA-17E9-4CE9-AACB-CA414ABCD7CB}.Debug|x64.ActiveCfg = Debug|Any CPU
		{81BAA3CA-17E9-4CE9-AACB-CA414ABCD7CB}.Debug|x64.Build.0 = Debug|Any CPU
		{81BAA3CA-17E9-4CE9-AACB-CA414ABCD7CB}.Debug|x86.ActiveCfg = Debug|Any CPU
		{81BAA3CA-17E9-4CE9-AACB-CA414ABCD7CB}.Debug|x86.Build.0 = Debug|Any CPU
		{81BAA3CA-17E9-4CE9-AACB-CA414ABCD7CB}.Release|Any CPU.ActiveCfg = Release|Any CPU
		{81BAA3CA-17E9-4CE9-AACB-CA414ABCD7CB}.Release|Any CPU.Build.0 = Release|Any CPU
		{81BAA3CA-17E9-4CE9-AACB-CA414ABCD7CB}.Release|x64.ActiveCfg = Release|Any CPU
		{81BAA3CA-17E9-4CE9-AACB-CA414ABCD7CB}.Release|x64.Build.0 = Release|Any CPU
		{81BAA3CA-17E9-4CE9-AACB-CA414ABCD7CB}.Release|x86.ActiveCfg = Release|Any CPU
		{81BAA3CA-17E9-4CE9-AACB-CA414ABCD7CB}.Release|x86.Build.0 = Release|Any CPU
		{81BAA3CA-17E9-4CE9-AACB-CA414ABCD7CB}.Test|Any CPU.ActiveCfg = Release|Any CPU
		{81BAA3CA-17E9-4CE9-AACB-CA414ABCD7CB}.Test|Any CPU.Build.0 = Release|Any CPU
		{81BAA3CA-17E9-4CE9-AACB-CA414ABCD7CB}.Test|x64.ActiveCfg = Release|Any CPU
		{81BAA3CA-17E9-4CE9-AACB-CA414ABCD7CB}.Test|x64.Build.0 = Release|Any CPU
		{81BAA3CA-17E9-4CE9-AACB-CA414ABCD7CB}.Test|x86.ActiveCfg = Release|Any CPU
		{81BAA3CA-17E9-4CE9-AACB-CA414ABCD7CB}.Test|x86.Build.0 = Release|Any CPU
		{4D0BAED6-8619-471C-A9EB-20E1356DB2E7}.Debug|Any CPU.ActiveCfg = Debug|Any CPU
		{4D0BAED6-8619-471C-A9EB-20E1356DB2E7}.Debug|Any CPU.Build.0 = Debug|Any CPU
		{4D0BAED6-8619-471C-A9EB-20E1356DB2E7}.Debug|x64.ActiveCfg = Debug|Any CPU
		{4D0BAED6-8619-471C-A9EB-20E1356DB2E7}.Debug|x64.Build.0 = Debug|Any CPU
		{4D0BAED6-8619-471C-A9EB-20E1356DB2E7}.Debug|x86.ActiveCfg = Debug|Any CPU
		{4D0BAED6-8619-471C-A9EB-20E1356DB2E7}.Debug|x86.Build.0 = Debug|Any CPU
		{4D0BAED6-8619-471C-A9EB-20E1356DB2E7}.Release|Any CPU.ActiveCfg = Release|Any CPU
		{4D0BAED6-8619-471C-A9EB-20E1356DB2E7}.Release|Any CPU.Build.0 = Release|Any CPU
		{4D0BAED6-8619-471C-A9EB-20E1356DB2E7}.Release|x64.ActiveCfg = Release|Any CPU
		{4D0BAED6-8619-471C-A9EB-20E1356DB2E7}.Release|x64.Build.0 = Release|Any CPU
		{4D0BAED6-8619-471C-A9EB-20E1356DB2E7}.Release|x86.ActiveCfg = Release|Any CPU
		{4D0BAED6-8619-471C-A9EB-20E1356DB2E7}.Release|x86.Build.0 = Release|Any CPU
		{4D0BAED6-8619-471C-A9EB-20E1356DB2E7}.Test|Any CPU.ActiveCfg = Release|Any CPU
		{4D0BAED6-8619-471C-A9EB-20E1356DB2E7}.Test|Any CPU.Build.0 = Release|Any CPU
		{4D0BAED6-8619-471C-A9EB-20E1356DB2E7}.Test|x64.ActiveCfg = Release|Any CPU
		{4D0BAED6-8619-471C-A9EB-20E1356DB2E7}.Test|x64.Build.0 = Release|Any CPU
		{4D0BAED6-8619-471C-A9EB-20E1356DB2E7}.Test|x86.ActiveCfg = Release|Any CPU
		{4D0BAED6-8619-471C-A9EB-20E1356DB2E7}.Test|x86.Build.0 = Release|Any CPU
		{E3BF0CF0-2D65-475F-AE5B-FF73E2839654}.Debug|Any CPU.ActiveCfg = Debug|Any CPU
		{E3BF0CF0-2D65-475F-AE5B-FF73E2839654}.Debug|Any CPU.Build.0 = Debug|Any CPU
		{E3BF0CF0-2D65-475F-AE5B-FF73E2839654}.Debug|x64.ActiveCfg = Debug|Any CPU
		{E3BF0CF0-2D65-475F-AE5B-FF73E2839654}.Debug|x64.Build.0 = Debug|Any CPU
		{E3BF0CF0-2D65-475F-AE5B-FF73E2839654}.Debug|x86.ActiveCfg = Debug|Any CPU
		{E3BF0CF0-2D65-475F-AE5B-FF73E2839654}.Debug|x86.Build.0 = Debug|Any CPU
		{E3BF0CF0-2D65-475F-AE5B-FF73E2839654}.Release|Any CPU.ActiveCfg = Release|Any CPU
		{E3BF0CF0-2D65-475F-AE5B-FF73E2839654}.Release|Any CPU.Build.0 = Release|Any CPU
		{E3BF0CF0-2D65-475F-AE5B-FF73E2839654}.Release|x64.ActiveCfg = Release|Any CPU
		{E3BF0CF0-2D65-475F-AE5B-FF73E2839654}.Release|x64.Build.0 = Release|Any CPU
		{E3BF0CF0-2D65-475F-AE5B-FF73E2839654}.Release|x86.ActiveCfg = Release|Any CPU
		{E3BF0CF0-2D65-475F-AE5B-FF73E2839654}.Release|x86.Build.0 = Release|Any CPU
		{E3BF0CF0-2D65-475F-AE5B-FF73E2839654}.Test|Any CPU.ActiveCfg = Release|Any CPU
		{E3BF0CF0-2D65-475F-AE5B-FF73E2839654}.Test|Any CPU.Build.0 = Release|Any CPU
		{E3BF0CF0-2D65-475F-AE5B-FF73E2839654}.Test|x64.ActiveCfg = Release|Any CPU
		{E3BF0CF0-2D65-475F-AE5B-FF73E2839654}.Test|x64.Build.0 = Release|Any CPU
		{E3BF0CF0-2D65-475F-AE5B-FF73E2839654}.Test|x86.ActiveCfg = Release|Any CPU
		{E3BF0CF0-2D65-475F-AE5B-FF73E2839654}.Test|x86.Build.0 = Release|Any CPU
		{709D7236-4A58-4C5C-995F-D08284F55337}.Debug|Any CPU.ActiveCfg = Debug|Any CPU
		{709D7236-4A58-4C5C-995F-D08284F55337}.Debug|Any CPU.Build.0 = Debug|Any CPU
		{709D7236-4A58-4C5C-995F-D08284F55337}.Debug|x64.ActiveCfg = Debug|Any CPU
		{709D7236-4A58-4C5C-995F-D08284F55337}.Debug|x64.Build.0 = Debug|Any CPU
		{709D7236-4A58-4C5C-995F-D08284F55337}.Debug|x86.ActiveCfg = Debug|Any CPU
		{709D7236-4A58-4C5C-995F-D08284F55337}.Debug|x86.Build.0 = Debug|Any CPU
		{709D7236-4A58-4C5C-995F-D08284F55337}.Release|Any CPU.ActiveCfg = Release|Any CPU
		{709D7236-4A58-4C5C-995F-D08284F55337}.Release|Any CPU.Build.0 = Release|Any CPU
		{709D7236-4A58-4C5C-995F-D08284F55337}.Release|x64.ActiveCfg = Release|Any CPU
		{709D7236-4A58-4C5C-995F-D08284F55337}.Release|x64.Build.0 = Release|Any CPU
		{709D7236-4A58-4C5C-995F-D08284F55337}.Release|x86.ActiveCfg = Release|Any CPU
		{709D7236-4A58-4C5C-995F-D08284F55337}.Release|x86.Build.0 = Release|Any CPU
		{709D7236-4A58-4C5C-995F-D08284F55337}.Test|Any CPU.ActiveCfg = Release|Any CPU
		{709D7236-4A58-4C5C-995F-D08284F55337}.Test|Any CPU.Build.0 = Release|Any CPU
		{709D7236-4A58-4C5C-995F-D08284F55337}.Test|x64.ActiveCfg = Release|Any CPU
		{709D7236-4A58-4C5C-995F-D08284F55337}.Test|x64.Build.0 = Release|Any CPU
		{709D7236-4A58-4C5C-995F-D08284F55337}.Test|x86.ActiveCfg = Release|Any CPU
		{709D7236-4A58-4C5C-995F-D08284F55337}.Test|x86.Build.0 = Release|Any CPU
		{6E496EBE-6196-4E85-A5D8-1F2F48E2E5FA}.Debug|Any CPU.ActiveCfg = Debug|Any CPU
		{6E496EBE-6196-4E85-A5D8-1F2F48E2E5FA}.Debug|Any CPU.Build.0 = Debug|Any CPU
		{6E496EBE-6196-4E85-A5D8-1F2F48E2E5FA}.Debug|x64.ActiveCfg = Debug|Any CPU
		{6E496EBE-6196-4E85-A5D8-1F2F48E2E5FA}.Debug|x64.Build.0 = Debug|Any CPU
		{6E496EBE-6196-4E85-A5D8-1F2F48E2E5FA}.Debug|x86.ActiveCfg = Debug|Any CPU
		{6E496EBE-6196-4E85-A5D8-1F2F48E2E5FA}.Debug|x86.Build.0 = Debug|Any CPU
		{6E496EBE-6196-4E85-A5D8-1F2F48E2E5FA}.Release|Any CPU.ActiveCfg = Release|Any CPU
		{6E496EBE-6196-4E85-A5D8-1F2F48E2E5FA}.Release|Any CPU.Build.0 = Release|Any CPU
		{6E496EBE-6196-4E85-A5D8-1F2F48E2E5FA}.Release|x64.ActiveCfg = Release|Any CPU
		{6E496EBE-6196-4E85-A5D8-1F2F48E2E5FA}.Release|x64.Build.0 = Release|Any CPU
		{6E496EBE-6196-4E85-A5D8-1F2F48E2E5FA}.Release|x86.ActiveCfg = Release|Any CPU
		{6E496EBE-6196-4E85-A5D8-1F2F48E2E5FA}.Release|x86.Build.0 = Release|Any CPU
		{6E496EBE-6196-4E85-A5D8-1F2F48E2E5FA}.Test|Any CPU.ActiveCfg = Test|Any CPU
		{6E496EBE-6196-4E85-A5D8-1F2F48E2E5FA}.Test|Any CPU.Build.0 = Test|Any CPU
		{6E496EBE-6196-4E85-A5D8-1F2F48E2E5FA}.Test|x64.ActiveCfg = Test|Any CPU
		{6E496EBE-6196-4E85-A5D8-1F2F48E2E5FA}.Test|x64.Build.0 = Test|Any CPU
		{6E496EBE-6196-4E85-A5D8-1F2F48E2E5FA}.Test|x86.ActiveCfg = Test|Any CPU
		{6E496EBE-6196-4E85-A5D8-1F2F48E2E5FA}.Test|x86.Build.0 = Test|Any CPU
		{4A7B4A37-CE35-4FE9-BB69-0B97CF766B74}.Debug|Any CPU.ActiveCfg = Debug|Any CPU
		{4A7B4A37-CE35-4FE9-BB69-0B97CF766B74}.Debug|Any CPU.Build.0 = Debug|Any CPU
		{4A7B4A37-CE35-4FE9-BB69-0B97CF766B74}.Debug|x64.ActiveCfg = Debug|Any CPU
		{4A7B4A37-CE35-4FE9-BB69-0B97CF766B74}.Debug|x64.Build.0 = Debug|Any CPU
		{4A7B4A37-CE35-4FE9-BB69-0B97CF766B74}.Debug|x86.ActiveCfg = Debug|Any CPU
		{4A7B4A37-CE35-4FE9-BB69-0B97CF766B74}.Debug|x86.Build.0 = Debug|Any CPU
		{4A7B4A37-CE35-4FE9-BB69-0B97CF766B74}.Release|Any CPU.ActiveCfg = Release|Any CPU
		{4A7B4A37-CE35-4FE9-BB69-0B97CF766B74}.Release|Any CPU.Build.0 = Release|Any CPU
		{4A7B4A37-CE35-4FE9-BB69-0B97CF766B74}.Release|x64.ActiveCfg = Release|Any CPU
		{4A7B4A37-CE35-4FE9-BB69-0B97CF766B74}.Release|x64.Build.0 = Release|Any CPU
		{4A7B4A37-CE35-4FE9-BB69-0B97CF766B74}.Release|x86.ActiveCfg = Release|Any CPU
		{4A7B4A37-CE35-4FE9-BB69-0B97CF766B74}.Release|x86.Build.0 = Release|Any CPU
		{4A7B4A37-CE35-4FE9-BB69-0B97CF766B74}.Test|Any CPU.ActiveCfg = Release|Any CPU
		{4A7B4A37-CE35-4FE9-BB69-0B97CF766B74}.Test|Any CPU.Build.0 = Release|Any CPU
		{4A7B4A37-CE35-4FE9-BB69-0B97CF766B74}.Test|x64.ActiveCfg = Release|Any CPU
		{4A7B4A37-CE35-4FE9-BB69-0B97CF766B74}.Test|x64.Build.0 = Release|Any CPU
		{4A7B4A37-CE35-4FE9-BB69-0B97CF766B74}.Test|x86.ActiveCfg = Release|Any CPU
		{4A7B4A37-CE35-4FE9-BB69-0B97CF766B74}.Test|x86.Build.0 = Release|Any CPU
		{EED8D424-28CE-420B-836D-16AB36F1AD88}.Debug|Any CPU.ActiveCfg = Debug|Any CPU
		{EED8D424-28CE-420B-836D-16AB36F1AD88}.Debug|Any CPU.Build.0 = Debug|Any CPU
		{EED8D424-28CE-420B-836D-16AB36F1AD88}.Debug|x64.ActiveCfg = Debug|Any CPU
		{EED8D424-28CE-420B-836D-16AB36F1AD88}.Debug|x64.Build.0 = Debug|Any CPU
		{EED8D424-28CE-420B-836D-16AB36F1AD88}.Debug|x86.ActiveCfg = Debug|Any CPU
		{EED8D424-28CE-420B-836D-16AB36F1AD88}.Debug|x86.Build.0 = Debug|Any CPU
		{EED8D424-28CE-420B-836D-16AB36F1AD88}.Release|Any CPU.ActiveCfg = Release|Any CPU
		{EED8D424-28CE-420B-836D-16AB36F1AD88}.Release|Any CPU.Build.0 = Release|Any CPU
		{EED8D424-28CE-420B-836D-16AB36F1AD88}.Release|x64.ActiveCfg = Release|Any CPU
		{EED8D424-28CE-420B-836D-16AB36F1AD88}.Release|x64.Build.0 = Release|Any CPU
		{EED8D424-28CE-420B-836D-16AB36F1AD88}.Release|x86.ActiveCfg = Release|Any CPU
		{EED8D424-28CE-420B-836D-16AB36F1AD88}.Release|x86.Build.0 = Release|Any CPU
		{EED8D424-28CE-420B-836D-16AB36F1AD88}.Test|Any CPU.ActiveCfg = Release|Any CPU
		{EED8D424-28CE-420B-836D-16AB36F1AD88}.Test|Any CPU.Build.0 = Release|Any CPU
		{EED8D424-28CE-420B-836D-16AB36F1AD88}.Test|x64.ActiveCfg = Release|Any CPU
		{EED8D424-28CE-420B-836D-16AB36F1AD88}.Test|x64.Build.0 = Release|Any CPU
		{EED8D424-28CE-420B-836D-16AB36F1AD88}.Test|x86.ActiveCfg = Release|Any CPU
		{EED8D424-28CE-420B-836D-16AB36F1AD88}.Test|x86.Build.0 = Release|Any CPU
		{F7A7C5FF-8109-49C8-B4C5-CBAB1D89FFC1}.Debug|Any CPU.ActiveCfg = Debug|Any CPU
		{F7A7C5FF-8109-49C8-B4C5-CBAB1D89FFC1}.Debug|Any CPU.Build.0 = Debug|Any CPU
		{F7A7C5FF-8109-49C8-B4C5-CBAB1D89FFC1}.Debug|x64.ActiveCfg = Debug|Any CPU
		{F7A7C5FF-8109-49C8-B4C5-CBAB1D89FFC1}.Debug|x64.Build.0 = Debug|Any CPU
		{F7A7C5FF-8109-49C8-B4C5-CBAB1D89FFC1}.Debug|x86.ActiveCfg = Debug|Any CPU
		{F7A7C5FF-8109-49C8-B4C5-CBAB1D89FFC1}.Debug|x86.Build.0 = Debug|Any CPU
		{F7A7C5FF-8109-49C8-B4C5-CBAB1D89FFC1}.Release|Any CPU.ActiveCfg = Release|Any CPU
		{F7A7C5FF-8109-49C8-B4C5-CBAB1D89FFC1}.Release|Any CPU.Build.0 = Release|Any CPU
		{F7A7C5FF-8109-49C8-B4C5-CBAB1D89FFC1}.Release|x64.ActiveCfg = Release|Any CPU
		{F7A7C5FF-8109-49C8-B4C5-CBAB1D89FFC1}.Release|x64.Build.0 = Release|Any CPU
		{F7A7C5FF-8109-49C8-B4C5-CBAB1D89FFC1}.Release|x86.ActiveCfg = Release|Any CPU
		{F7A7C5FF-8109-49C8-B4C5-CBAB1D89FFC1}.Release|x86.Build.0 = Release|Any CPU
		{F7A7C5FF-8109-49C8-B4C5-CBAB1D89FFC1}.Test|Any CPU.ActiveCfg = Release|Any CPU
		{F7A7C5FF-8109-49C8-B4C5-CBAB1D89FFC1}.Test|Any CPU.Build.0 = Release|Any CPU
		{F7A7C5FF-8109-49C8-B4C5-CBAB1D89FFC1}.Test|x64.ActiveCfg = Release|Any CPU
		{F7A7C5FF-8109-49C8-B4C5-CBAB1D89FFC1}.Test|x64.Build.0 = Release|Any CPU
		{F7A7C5FF-8109-49C8-B4C5-CBAB1D89FFC1}.Test|x86.ActiveCfg = Release|Any CPU
		{F7A7C5FF-8109-49C8-B4C5-CBAB1D89FFC1}.Test|x86.Build.0 = Release|Any CPU
		{1A2E84B6-21AA-484B-B752-06C0B6313135}.Debug|Any CPU.ActiveCfg = Debug|Any CPU
		{1A2E84B6-21AA-484B-B752-06C0B6313135}.Debug|Any CPU.Build.0 = Debug|Any CPU
		{1A2E84B6-21AA-484B-B752-06C0B6313135}.Debug|x64.ActiveCfg = Debug|Any CPU
		{1A2E84B6-21AA-484B-B752-06C0B6313135}.Debug|x64.Build.0 = Debug|Any CPU
		{1A2E84B6-21AA-484B-B752-06C0B6313135}.Debug|x86.ActiveCfg = Debug|Any CPU
		{1A2E84B6-21AA-484B-B752-06C0B6313135}.Debug|x86.Build.0 = Debug|Any CPU
		{1A2E84B6-21AA-484B-B752-06C0B6313135}.Release|Any CPU.ActiveCfg = Release|Any CPU
		{1A2E84B6-21AA-484B-B752-06C0B6313135}.Release|Any CPU.Build.0 = Release|Any CPU
		{1A2E84B6-21AA-484B-B752-06C0B6313135}.Release|x64.ActiveCfg = Release|Any CPU
		{1A2E84B6-21AA-484B-B752-06C0B6313135}.Release|x64.Build.0 = Release|Any CPU
		{1A2E84B6-21AA-484B-B752-06C0B6313135}.Release|x86.ActiveCfg = Release|Any CPU
		{1A2E84B6-21AA-484B-B752-06C0B6313135}.Release|x86.Build.0 = Release|Any CPU
		{1A2E84B6-21AA-484B-B752-06C0B6313135}.Test|Any CPU.ActiveCfg = Release|Any CPU
		{1A2E84B6-21AA-484B-B752-06C0B6313135}.Test|Any CPU.Build.0 = Release|Any CPU
		{1A2E84B6-21AA-484B-B752-06C0B6313135}.Test|x64.ActiveCfg = Release|Any CPU
		{1A2E84B6-21AA-484B-B752-06C0B6313135}.Test|x64.Build.0 = Release|Any CPU
		{1A2E84B6-21AA-484B-B752-06C0B6313135}.Test|x86.ActiveCfg = Release|Any CPU
		{1A2E84B6-21AA-484B-B752-06C0B6313135}.Test|x86.Build.0 = Release|Any CPU
		{BC03F305-46DD-4D38-80DE-944A75D9737A}.Debug|Any CPU.ActiveCfg = Debug|Any CPU
		{BC03F305-46DD-4D38-80DE-944A75D9737A}.Debug|Any CPU.Build.0 = Debug|Any CPU
		{BC03F305-46DD-4D38-80DE-944A75D9737A}.Debug|x64.ActiveCfg = Debug|Any CPU
		{BC03F305-46DD-4D38-80DE-944A75D9737A}.Debug|x64.Build.0 = Debug|Any CPU
		{BC03F305-46DD-4D38-80DE-944A75D9737A}.Debug|x86.ActiveCfg = Debug|Any CPU
		{BC03F305-46DD-4D38-80DE-944A75D9737A}.Debug|x86.Build.0 = Debug|Any CPU
		{BC03F305-46DD-4D38-80DE-944A75D9737A}.Release|Any CPU.ActiveCfg = Release|Any CPU
		{BC03F305-46DD-4D38-80DE-944A75D9737A}.Release|Any CPU.Build.0 = Release|Any CPU
		{BC03F305-46DD-4D38-80DE-944A75D9737A}.Release|x64.ActiveCfg = Release|Any CPU
		{BC03F305-46DD-4D38-80DE-944A75D9737A}.Release|x64.Build.0 = Release|Any CPU
		{BC03F305-46DD-4D38-80DE-944A75D9737A}.Release|x86.ActiveCfg = Release|Any CPU
		{BC03F305-46DD-4D38-80DE-944A75D9737A}.Release|x86.Build.0 = Release|Any CPU
		{BC03F305-46DD-4D38-80DE-944A75D9737A}.Test|Any CPU.ActiveCfg = Release|Any CPU
		{BC03F305-46DD-4D38-80DE-944A75D9737A}.Test|Any CPU.Build.0 = Release|Any CPU
		{BC03F305-46DD-4D38-80DE-944A75D9737A}.Test|x64.ActiveCfg = Release|Any CPU
		{BC03F305-46DD-4D38-80DE-944A75D9737A}.Test|x64.Build.0 = Release|Any CPU
		{BC03F305-46DD-4D38-80DE-944A75D9737A}.Test|x86.ActiveCfg = Release|Any CPU
		{BC03F305-46DD-4D38-80DE-944A75D9737A}.Test|x86.Build.0 = Release|Any CPU
		{350EF507-F6BD-4036-96FE-059230406C04}.Debug|Any CPU.ActiveCfg = Debug|Any CPU
		{350EF507-F6BD-4036-96FE-059230406C04}.Debug|Any CPU.Build.0 = Debug|Any CPU
		{350EF507-F6BD-4036-96FE-059230406C04}.Debug|x64.ActiveCfg = Debug|Any CPU
		{350EF507-F6BD-4036-96FE-059230406C04}.Debug|x64.Build.0 = Debug|Any CPU
		{350EF507-F6BD-4036-96FE-059230406C04}.Debug|x86.ActiveCfg = Debug|Any CPU
		{350EF507-F6BD-4036-96FE-059230406C04}.Debug|x86.Build.0 = Debug|Any CPU
		{350EF507-F6BD-4036-96FE-059230406C04}.Release|Any CPU.ActiveCfg = Release|Any CPU
		{350EF507-F6BD-4036-96FE-059230406C04}.Release|Any CPU.Build.0 = Release|Any CPU
		{350EF507-F6BD-4036-96FE-059230406C04}.Release|x64.ActiveCfg = Release|Any CPU
		{350EF507-F6BD-4036-96FE-059230406C04}.Release|x64.Build.0 = Release|Any CPU
		{350EF507-F6BD-4036-96FE-059230406C04}.Release|x86.ActiveCfg = Release|Any CPU
		{350EF507-F6BD-4036-96FE-059230406C04}.Release|x86.Build.0 = Release|Any CPU
		{350EF507-F6BD-4036-96FE-059230406C04}.Test|Any CPU.ActiveCfg = Release|Any CPU
		{350EF507-F6BD-4036-96FE-059230406C04}.Test|Any CPU.Build.0 = Release|Any CPU
		{350EF507-F6BD-4036-96FE-059230406C04}.Test|x64.ActiveCfg = Release|Any CPU
		{350EF507-F6BD-4036-96FE-059230406C04}.Test|x64.Build.0 = Release|Any CPU
		{350EF507-F6BD-4036-96FE-059230406C04}.Test|x86.ActiveCfg = Release|Any CPU
		{350EF507-F6BD-4036-96FE-059230406C04}.Test|x86.Build.0 = Release|Any CPU
		{0FC1F097-7C0D-4368-A413-0359F799CCF4}.Debug|Any CPU.ActiveCfg = Debug|Any CPU
		{0FC1F097-7C0D-4368-A413-0359F799CCF4}.Debug|Any CPU.Build.0 = Debug|Any CPU
		{0FC1F097-7C0D-4368-A413-0359F799CCF4}.Debug|x64.ActiveCfg = Debug|Any CPU
		{0FC1F097-7C0D-4368-A413-0359F799CCF4}.Debug|x64.Build.0 = Debug|Any CPU
		{0FC1F097-7C0D-4368-A413-0359F799CCF4}.Debug|x86.ActiveCfg = Debug|Any CPU
		{0FC1F097-7C0D-4368-A413-0359F799CCF4}.Debug|x86.Build.0 = Debug|Any CPU
		{0FC1F097-7C0D-4368-A413-0359F799CCF4}.Release|Any CPU.ActiveCfg = Release|Any CPU
		{0FC1F097-7C0D-4368-A413-0359F799CCF4}.Release|Any CPU.Build.0 = Release|Any CPU
		{0FC1F097-7C0D-4368-A413-0359F799CCF4}.Release|x64.ActiveCfg = Release|Any CPU
		{0FC1F097-7C0D-4368-A413-0359F799CCF4}.Release|x64.Build.0 = Release|Any CPU
		{0FC1F097-7C0D-4368-A413-0359F799CCF4}.Release|x86.ActiveCfg = Release|Any CPU
		{0FC1F097-7C0D-4368-A413-0359F799CCF4}.Release|x86.Build.0 = Release|Any CPU
		{0FC1F097-7C0D-4368-A413-0359F799CCF4}.Test|Any CPU.ActiveCfg = Release|Any CPU
		{0FC1F097-7C0D-4368-A413-0359F799CCF4}.Test|Any CPU.Build.0 = Release|Any CPU
		{0FC1F097-7C0D-4368-A413-0359F799CCF4}.Test|x64.ActiveCfg = Release|Any CPU
		{0FC1F097-7C0D-4368-A413-0359F799CCF4}.Test|x64.Build.0 = Release|Any CPU
		{0FC1F097-7C0D-4368-A413-0359F799CCF4}.Test|x86.ActiveCfg = Release|Any CPU
		{0FC1F097-7C0D-4368-A413-0359F799CCF4}.Test|x86.Build.0 = Release|Any CPU
		{E03554B6-148F-4AE2-BACE-F5D246BBDF2E}.Debug|Any CPU.ActiveCfg = Debug|Any CPU
		{E03554B6-148F-4AE2-BACE-F5D246BBDF2E}.Debug|Any CPU.Build.0 = Debug|Any CPU
		{E03554B6-148F-4AE2-BACE-F5D246BBDF2E}.Debug|x64.ActiveCfg = Debug|x64
		{E03554B6-148F-4AE2-BACE-F5D246BBDF2E}.Debug|x64.Build.0 = Debug|x64
		{E03554B6-148F-4AE2-BACE-F5D246BBDF2E}.Debug|x86.ActiveCfg = Debug|Any CPU
		{E03554B6-148F-4AE2-BACE-F5D246BBDF2E}.Debug|x86.Build.0 = Debug|Any CPU
		{E03554B6-148F-4AE2-BACE-F5D246BBDF2E}.Release|Any CPU.ActiveCfg = Release|Any CPU
		{E03554B6-148F-4AE2-BACE-F5D246BBDF2E}.Release|Any CPU.Build.0 = Release|Any CPU
		{E03554B6-148F-4AE2-BACE-F5D246BBDF2E}.Release|x64.ActiveCfg = Release|x64
		{E03554B6-148F-4AE2-BACE-F5D246BBDF2E}.Release|x64.Build.0 = Release|x64
		{E03554B6-148F-4AE2-BACE-F5D246BBDF2E}.Release|x86.ActiveCfg = Release|Any CPU
		{E03554B6-148F-4AE2-BACE-F5D246BBDF2E}.Release|x86.Build.0 = Release|Any CPU
		{E03554B6-148F-4AE2-BACE-F5D246BBDF2E}.Test|Any CPU.ActiveCfg = Release|Any CPU
		{E03554B6-148F-4AE2-BACE-F5D246BBDF2E}.Test|Any CPU.Build.0 = Release|Any CPU
		{E03554B6-148F-4AE2-BACE-F5D246BBDF2E}.Test|x64.ActiveCfg = Release|x64
		{E03554B6-148F-4AE2-BACE-F5D246BBDF2E}.Test|x64.Build.0 = Release|x64
		{E03554B6-148F-4AE2-BACE-F5D246BBDF2E}.Test|x86.ActiveCfg = Release|Any CPU
		{E03554B6-148F-4AE2-BACE-F5D246BBDF2E}.Test|x86.Build.0 = Release|Any CPU
		{8D179966-A47E-43C3-8B96-04E4DC3F199C}.Debug|Any CPU.ActiveCfg = Debug|Any CPU
		{8D179966-A47E-43C3-8B96-04E4DC3F199C}.Debug|Any CPU.Build.0 = Debug|Any CPU
		{8D179966-A47E-43C3-8B96-04E4DC3F199C}.Debug|x64.ActiveCfg = Debug|x64
		{8D179966-A47E-43C3-8B96-04E4DC3F199C}.Debug|x64.Build.0 = Debug|x64
		{8D179966-A47E-43C3-8B96-04E4DC3F199C}.Debug|x86.ActiveCfg = Debug|Any CPU
		{8D179966-A47E-43C3-8B96-04E4DC3F199C}.Debug|x86.Build.0 = Debug|Any CPU
		{8D179966-A47E-43C3-8B96-04E4DC3F199C}.Release|Any CPU.ActiveCfg = Release|Any CPU
		{8D179966-A47E-43C3-8B96-04E4DC3F199C}.Release|Any CPU.Build.0 = Release|Any CPU
		{8D179966-A47E-43C3-8B96-04E4DC3F199C}.Release|x64.ActiveCfg = Release|x64
		{8D179966-A47E-43C3-8B96-04E4DC3F199C}.Release|x64.Build.0 = Release|x64
		{8D179966-A47E-43C3-8B96-04E4DC3F199C}.Release|x86.ActiveCfg = Release|Any CPU
		{8D179966-A47E-43C3-8B96-04E4DC3F199C}.Release|x86.Build.0 = Release|Any CPU
		{8D179966-A47E-43C3-8B96-04E4DC3F199C}.Test|Any CPU.ActiveCfg = Release|Any CPU
		{8D179966-A47E-43C3-8B96-04E4DC3F199C}.Test|Any CPU.Build.0 = Release|Any CPU
		{8D179966-A47E-43C3-8B96-04E4DC3F199C}.Test|x64.ActiveCfg = Release|x64
		{8D179966-A47E-43C3-8B96-04E4DC3F199C}.Test|x64.Build.0 = Release|x64
		{8D179966-A47E-43C3-8B96-04E4DC3F199C}.Test|x86.ActiveCfg = Release|Any CPU
		{8D179966-A47E-43C3-8B96-04E4DC3F199C}.Test|x86.Build.0 = Release|Any CPU
		{A18CEC95-5B5E-4D7A-86B4-4252612661AE}.Debug|Any CPU.ActiveCfg = Debug|Any CPU
		{A18CEC95-5B5E-4D7A-86B4-4252612661AE}.Debug|Any CPU.Build.0 = Debug|Any CPU
		{A18CEC95-5B5E-4D7A-86B4-4252612661AE}.Debug|x64.ActiveCfg = Debug|Any CPU
		{A18CEC95-5B5E-4D7A-86B4-4252612661AE}.Debug|x64.Build.0 = Debug|Any CPU
		{A18CEC95-5B5E-4D7A-86B4-4252612661AE}.Debug|x86.ActiveCfg = Debug|Any CPU
		{A18CEC95-5B5E-4D7A-86B4-4252612661AE}.Debug|x86.Build.0 = Debug|Any CPU
		{A18CEC95-5B5E-4D7A-86B4-4252612661AE}.Release|Any CPU.ActiveCfg = Release|Any CPU
		{A18CEC95-5B5E-4D7A-86B4-4252612661AE}.Release|Any CPU.Build.0 = Release|Any CPU
		{A18CEC95-5B5E-4D7A-86B4-4252612661AE}.Release|x64.ActiveCfg = Release|Any CPU
		{A18CEC95-5B5E-4D7A-86B4-4252612661AE}.Release|x64.Build.0 = Release|Any CPU
		{A18CEC95-5B5E-4D7A-86B4-4252612661AE}.Release|x86.ActiveCfg = Release|Any CPU
		{A18CEC95-5B5E-4D7A-86B4-4252612661AE}.Release|x86.Build.0 = Release|Any CPU
		{A18CEC95-5B5E-4D7A-86B4-4252612661AE}.Test|Any CPU.ActiveCfg = Debug|Any CPU
		{A18CEC95-5B5E-4D7A-86B4-4252612661AE}.Test|Any CPU.Build.0 = Debug|Any CPU
		{A18CEC95-5B5E-4D7A-86B4-4252612661AE}.Test|x64.ActiveCfg = Debug|Any CPU
		{A18CEC95-5B5E-4D7A-86B4-4252612661AE}.Test|x64.Build.0 = Debug|Any CPU
		{A18CEC95-5B5E-4D7A-86B4-4252612661AE}.Test|x86.ActiveCfg = Debug|Any CPU
		{A18CEC95-5B5E-4D7A-86B4-4252612661AE}.Test|x86.Build.0 = Debug|Any CPU
		{1E2CA4D0-1EE9-479F-9F87-E11331618932}.Debug|Any CPU.ActiveCfg = Debug|Any CPU
		{1E2CA4D0-1EE9-479F-9F87-E11331618932}.Debug|Any CPU.Build.0 = Debug|Any CPU
		{1E2CA4D0-1EE9-479F-9F87-E11331618932}.Debug|x64.ActiveCfg = Debug|Any CPU
		{1E2CA4D0-1EE9-479F-9F87-E11331618932}.Debug|x64.Build.0 = Debug|Any CPU
		{1E2CA4D0-1EE9-479F-9F87-E11331618932}.Debug|x86.ActiveCfg = Debug|Any CPU
		{1E2CA4D0-1EE9-479F-9F87-E11331618932}.Debug|x86.Build.0 = Debug|Any CPU
		{1E2CA4D0-1EE9-479F-9F87-E11331618932}.Release|Any CPU.ActiveCfg = Release|Any CPU
		{1E2CA4D0-1EE9-479F-9F87-E11331618932}.Release|Any CPU.Build.0 = Release|Any CPU
		{1E2CA4D0-1EE9-479F-9F87-E11331618932}.Release|x64.ActiveCfg = Release|Any CPU
		{1E2CA4D0-1EE9-479F-9F87-E11331618932}.Release|x64.Build.0 = Release|Any CPU
		{1E2CA4D0-1EE9-479F-9F87-E11331618932}.Release|x86.ActiveCfg = Release|Any CPU
		{1E2CA4D0-1EE9-479F-9F87-E11331618932}.Release|x86.Build.0 = Release|Any CPU
		{1E2CA4D0-1EE9-479F-9F87-E11331618932}.Test|Any CPU.ActiveCfg = Release|Any CPU
		{1E2CA4D0-1EE9-479F-9F87-E11331618932}.Test|Any CPU.Build.0 = Release|Any CPU
		{1E2CA4D0-1EE9-479F-9F87-E11331618932}.Test|x64.ActiveCfg = Release|Any CPU
		{1E2CA4D0-1EE9-479F-9F87-E11331618932}.Test|x64.Build.0 = Release|Any CPU
		{1E2CA4D0-1EE9-479F-9F87-E11331618932}.Test|x86.ActiveCfg = Release|Any CPU
		{1E2CA4D0-1EE9-479F-9F87-E11331618932}.Test|x86.Build.0 = Release|Any CPU
		{A6873B91-767F-4761-A212-561B17682452}.Debug|Any CPU.ActiveCfg = Debug|Any CPU
		{A6873B91-767F-4761-A212-561B17682452}.Debug|Any CPU.Build.0 = Debug|Any CPU
		{A6873B91-767F-4761-A212-561B17682452}.Debug|x64.ActiveCfg = Debug|Any CPU
		{A6873B91-767F-4761-A212-561B17682452}.Debug|x64.Build.0 = Debug|Any CPU
		{A6873B91-767F-4761-A212-561B17682452}.Debug|x86.ActiveCfg = Debug|Any CPU
		{A6873B91-767F-4761-A212-561B17682452}.Debug|x86.Build.0 = Debug|Any CPU
		{A6873B91-767F-4761-A212-561B17682452}.Release|Any CPU.ActiveCfg = Release|Any CPU
		{A6873B91-767F-4761-A212-561B17682452}.Release|Any CPU.Build.0 = Release|Any CPU
		{A6873B91-767F-4761-A212-561B17682452}.Release|x64.ActiveCfg = Release|Any CPU
		{A6873B91-767F-4761-A212-561B17682452}.Release|x64.Build.0 = Release|Any CPU
		{A6873B91-767F-4761-A212-561B17682452}.Release|x86.ActiveCfg = Release|Any CPU
		{A6873B91-767F-4761-A212-561B17682452}.Release|x86.Build.0 = Release|Any CPU
		{A6873B91-767F-4761-A212-561B17682452}.Test|Any CPU.ActiveCfg = Release|Any CPU
		{A6873B91-767F-4761-A212-561B17682452}.Test|Any CPU.Build.0 = Release|Any CPU
		{A6873B91-767F-4761-A212-561B17682452}.Test|x64.ActiveCfg = Release|Any CPU
		{A6873B91-767F-4761-A212-561B17682452}.Test|x64.Build.0 = Release|Any CPU
		{A6873B91-767F-4761-A212-561B17682452}.Test|x86.ActiveCfg = Release|Any CPU
		{A6873B91-767F-4761-A212-561B17682452}.Test|x86.Build.0 = Release|Any CPU
		{D3D5F294-2659-4DA7-AD8C-845B62D8DE5A}.Debug|Any CPU.ActiveCfg = Debug|Any CPU
		{D3D5F294-2659-4DA7-AD8C-845B62D8DE5A}.Debug|Any CPU.Build.0 = Debug|Any CPU
		{D3D5F294-2659-4DA7-AD8C-845B62D8DE5A}.Debug|x64.ActiveCfg = Debug|Any CPU
		{D3D5F294-2659-4DA7-AD8C-845B62D8DE5A}.Debug|x64.Build.0 = Debug|Any CPU
		{D3D5F294-2659-4DA7-AD8C-845B62D8DE5A}.Debug|x86.ActiveCfg = Debug|Any CPU
		{D3D5F294-2659-4DA7-AD8C-845B62D8DE5A}.Debug|x86.Build.0 = Debug|Any CPU
		{D3D5F294-2659-4DA7-AD8C-845B62D8DE5A}.Release|Any CPU.ActiveCfg = Release|Any CPU
		{D3D5F294-2659-4DA7-AD8C-845B62D8DE5A}.Release|Any CPU.Build.0 = Release|Any CPU
		{D3D5F294-2659-4DA7-AD8C-845B62D8DE5A}.Release|x64.ActiveCfg = Release|Any CPU
		{D3D5F294-2659-4DA7-AD8C-845B62D8DE5A}.Release|x64.Build.0 = Release|Any CPU
		{D3D5F294-2659-4DA7-AD8C-845B62D8DE5A}.Release|x86.ActiveCfg = Release|Any CPU
		{D3D5F294-2659-4DA7-AD8C-845B62D8DE5A}.Release|x86.Build.0 = Release|Any CPU
		{D3D5F294-2659-4DA7-AD8C-845B62D8DE5A}.Test|Any CPU.ActiveCfg = Release|Any CPU
		{D3D5F294-2659-4DA7-AD8C-845B62D8DE5A}.Test|Any CPU.Build.0 = Release|Any CPU
		{D3D5F294-2659-4DA7-AD8C-845B62D8DE5A}.Test|x64.ActiveCfg = Release|Any CPU
		{D3D5F294-2659-4DA7-AD8C-845B62D8DE5A}.Test|x64.Build.0 = Release|Any CPU
		{D3D5F294-2659-4DA7-AD8C-845B62D8DE5A}.Test|x86.ActiveCfg = Release|Any CPU
		{D3D5F294-2659-4DA7-AD8C-845B62D8DE5A}.Test|x86.Build.0 = Release|Any CPU
		{88E06104-A927-4FC3-BBD7-F54E24DA0D63}.Debug|Any CPU.ActiveCfg = Debug|Any CPU
		{88E06104-A927-4FC3-BBD7-F54E24DA0D63}.Debug|Any CPU.Build.0 = Debug|Any CPU
		{88E06104-A927-4FC3-BBD7-F54E24DA0D63}.Debug|x64.ActiveCfg = Debug|Any CPU
		{88E06104-A927-4FC3-BBD7-F54E24DA0D63}.Debug|x64.Build.0 = Debug|Any CPU
		{88E06104-A927-4FC3-BBD7-F54E24DA0D63}.Debug|x86.ActiveCfg = Debug|Any CPU
		{88E06104-A927-4FC3-BBD7-F54E24DA0D63}.Debug|x86.Build.0 = Debug|Any CPU
		{88E06104-A927-4FC3-BBD7-F54E24DA0D63}.Release|Any CPU.ActiveCfg = Release|Any CPU
		{88E06104-A927-4FC3-BBD7-F54E24DA0D63}.Release|Any CPU.Build.0 = Release|Any CPU
		{88E06104-A927-4FC3-BBD7-F54E24DA0D63}.Release|x64.ActiveCfg = Release|Any CPU
		{88E06104-A927-4FC3-BBD7-F54E24DA0D63}.Release|x64.Build.0 = Release|Any CPU
		{88E06104-A927-4FC3-BBD7-F54E24DA0D63}.Release|x86.ActiveCfg = Release|Any CPU
		{88E06104-A927-4FC3-BBD7-F54E24DA0D63}.Release|x86.Build.0 = Release|Any CPU
		{88E06104-A927-4FC3-BBD7-F54E24DA0D63}.Test|Any CPU.ActiveCfg = Debug|Any CPU
		{88E06104-A927-4FC3-BBD7-F54E24DA0D63}.Test|Any CPU.Build.0 = Debug|Any CPU
		{88E06104-A927-4FC3-BBD7-F54E24DA0D63}.Test|x64.ActiveCfg = Debug|Any CPU
		{88E06104-A927-4FC3-BBD7-F54E24DA0D63}.Test|x64.Build.0 = Debug|Any CPU
		{88E06104-A927-4FC3-BBD7-F54E24DA0D63}.Test|x86.ActiveCfg = Debug|Any CPU
		{88E06104-A927-4FC3-BBD7-F54E24DA0D63}.Test|x86.Build.0 = Debug|Any CPU
		{A9CB3BD4-7FD1-4F51-9414-1334E1D871D3}.Debug|Any CPU.ActiveCfg = Debug|Any CPU
		{A9CB3BD4-7FD1-4F51-9414-1334E1D871D3}.Debug|Any CPU.Build.0 = Debug|Any CPU
		{A9CB3BD4-7FD1-4F51-9414-1334E1D871D3}.Debug|x64.ActiveCfg = Debug|Any CPU
		{A9CB3BD4-7FD1-4F51-9414-1334E1D871D3}.Debug|x64.Build.0 = Debug|Any CPU
		{A9CB3BD4-7FD1-4F51-9414-1334E1D871D3}.Debug|x86.ActiveCfg = Debug|Any CPU
		{A9CB3BD4-7FD1-4F51-9414-1334E1D871D3}.Debug|x86.Build.0 = Debug|Any CPU
		{A9CB3BD4-7FD1-4F51-9414-1334E1D871D3}.Release|Any CPU.ActiveCfg = Release|Any CPU
		{A9CB3BD4-7FD1-4F51-9414-1334E1D871D3}.Release|Any CPU.Build.0 = Release|Any CPU
		{A9CB3BD4-7FD1-4F51-9414-1334E1D871D3}.Release|x64.ActiveCfg = Release|Any CPU
		{A9CB3BD4-7FD1-4F51-9414-1334E1D871D3}.Release|x64.Build.0 = Release|Any CPU
		{A9CB3BD4-7FD1-4F51-9414-1334E1D871D3}.Release|x86.ActiveCfg = Release|Any CPU
		{A9CB3BD4-7FD1-4F51-9414-1334E1D871D3}.Release|x86.Build.0 = Release|Any CPU
		{A9CB3BD4-7FD1-4F51-9414-1334E1D871D3}.Test|Any CPU.ActiveCfg = Debug|Any CPU
		{A9CB3BD4-7FD1-4F51-9414-1334E1D871D3}.Test|Any CPU.Build.0 = Debug|Any CPU
		{A9CB3BD4-7FD1-4F51-9414-1334E1D871D3}.Test|x64.ActiveCfg = Debug|Any CPU
		{A9CB3BD4-7FD1-4F51-9414-1334E1D871D3}.Test|x64.Build.0 = Debug|Any CPU
		{A9CB3BD4-7FD1-4F51-9414-1334E1D871D3}.Test|x86.ActiveCfg = Debug|Any CPU
		{A9CB3BD4-7FD1-4F51-9414-1334E1D871D3}.Test|x86.Build.0 = Debug|Any CPU
	EndGlobalSection
	GlobalSection(SolutionProperties) = preSolution
		HideSolutionNode = FALSE
	EndGlobalSection
	GlobalSection(ExtensibilityGlobals) = postSolution
		SolutionGuid = {78DC80CB-DBB9-4381-BE87-779101DA3CB4}
	EndGlobalSection
EndGlobal
